
Microsoft Visual Studio Solution File, Format Version 12.00
# Visual Studio Version 17
VisualStudioVersion = 17.5.33424.131
MinimumVisualStudioVersion = 10.0.40219.1
Project("{FAE04EC0-301F-11D3-BF4B-00C04F79EFBC}") = "BTE 202 - 2023 Grup C Uygulaması", "BTE 202 - 2023 Grup C Uygulaması.csproj", "{15085ED1-F192-401A-9D23-FBC37B306576}"
EndProject
Global
	GlobalSection(SolutionConfigurationPlatforms) = preSolution
		Debug|Any CPU = Debug|Any CPU
		Release|Any CPU = Release|Any CPU
	EndGlobalSection
	GlobalSection(ProjectConfigurationPlatforms) = postSolution
		{15085ED1-F192-401A-9D23-FBC37B306576}.Debug|Any CPU.ActiveCfg = Debug|Any CPU
		{15085ED1-F192-401A-9D23-FBC37B306576}.Debug|Any CPU.Build.0 = Debug|Any CPU
		{15085ED1-F192-401A-9D23-FBC37B306576}.Release|Any CPU.ActiveCfg = Release|Any CPU
		{15085ED1-F192-401A-9D23-FBC37B306576}.Release|Any CPU.Build.0 = Release|Any CPU
	EndGlobalSection
	GlobalSection(SolutionProperties) = preSolution
		HideSolutionNode = FALSE
	EndGlobalSection
	GlobalSection(ExtensibilityGlobals) = postSolution
		SolutionGuid = {B43756BE-8220-482B-BACE-2B8C58C1C7E4}
	EndGlobalSection
EndGlobal
